// !$*UTF8*$!
{
	archiveVersion = 1;
	classes = {
	};
	objectVersion = 46;
	objects = {

/* Begin PBXBuildFile section */
		A4669CB318A51DE6006767BC /* Foundation.framework in Frameworks */ = {isa = PBXBuildFile; fileRef = A4669CB218A51DE6006767BC /* Foundation.framework */; };
		A4669CB518A51DE6006767BC /* CoreGraphics.framework in Frameworks */ = {isa = PBXBuildFile; fileRef = A4669CB418A51DE6006767BC /* CoreGraphics.framework */; };
		A4669CB718A51DE6006767BC /* UIKit.framework in Frameworks */ = {isa = PBXBuildFile; fileRef = A4669CB618A51DE6006767BC /* UIKit.framework */; };
		A4669CBD18A51DE6006767BC /* InfoPlist.strings in Resources */ = {isa = PBXBuildFile; fileRef = A4669CBB18A51DE6006767BC /* InfoPlist.strings */; };
		A4669CBF18A51DE6006767BC /* main.m in Sources */ = {isa = PBXBuildFile; fileRef = A4669CBE18A51DE6006767BC /* main.m */; };
		A4669CCC18A51DE7006767BC /* XCTest.framework in Frameworks */ = {isa = PBXBuildFile; fileRef = A4669CCB18A51DE7006767BC /* XCTest.framework */; };
		A4669CCD18A51DE7006767BC /* Foundation.framework in Frameworks */ = {isa = PBXBuildFile; fileRef = A4669CB218A51DE6006767BC /* Foundation.framework */; };
		A4669CCE18A51DE7006767BC /* UIKit.framework in Frameworks */ = {isa = PBXBuildFile; fileRef = A4669CB618A51DE6006767BC /* UIKit.framework */; };
		A4669CD618A51DE7006767BC /* InfoPlist.strings in Resources */ = {isa = PBXBuildFile; fileRef = A4669CD418A51DE7006767BC /* InfoPlist.strings */; };
		A4669CD818A51DE7006767BC /* RCCPeakableImageSampleTests.m in Sources */ = {isa = PBXBuildFile; fileRef = A4669CD718A51DE7006767BC /* RCCPeakableImageSampleTests.m */; };
		A4669CE918A522C2006767BC /* RCCAppDelegate.m in Sources */ = {isa = PBXBuildFile; fileRef = A4669CE518A522C2006767BC /* RCCAppDelegate.m */; };
		A4669CEA18A522C2006767BC /* Images.xcassets in Resources */ = {isa = PBXBuildFile; fileRef = A4669CE718A522C2006767BC /* Images.xcassets */; };
		A4669CF018A5236C006767BC /* RCCGridViewController.m in Sources */ = {isa = PBXBuildFile; fileRef = A4669CEE18A5236C006767BC /* RCCGridViewController.m */; };
		A4669D1518A5407C006767BC /* Thumb001.jpg in Resources */ = {isa = PBXBuildFile; fileRef = A4669CFB18A5407C006767BC /* Thumb001.jpg */; };
		A4669D1618A5407C006767BC /* Thumb002.jpg in Resources */ = {isa = PBXBuildFile; fileRef = A4669CFC18A5407C006767BC /* Thumb002.jpg */; };
		A4669D1718A5407C006767BC /* Thumb003.jpg in Resources */ = {isa = PBXBuildFile; fileRef = A4669CFD18A5407C006767BC /* Thumb003.jpg */; };
		A4669D1818A5407C006767BC /* Thumb004.jpg in Resources */ = {isa = PBXBuildFile; fileRef = A4669CFE18A5407C006767BC /* Thumb004.jpg */; };
		A4669D1918A5407C006767BC /* Thumb005.jpg in Resources */ = {isa = PBXBuildFile; fileRef = A4669CFF18A5407C006767BC /* Thumb005.jpg */; };
		A4669D1A18A5407C006767BC /* Thumb006.jpg in Resources */ = {isa = PBXBuildFile; fileRef = A4669D0018A5407C006767BC /* Thumb006.jpg */; };
		A4669D1B18A5407C006767BC /* Thumb007.jpg in Resources */ = {isa = PBXBuildFile; fileRef = A4669D0118A5407C006767BC /* Thumb007.jpg */; };
		A4669D1C18A5407C006767BC /* Thumb008.jpg in Resources */ = {isa = PBXBuildFile; fileRef = A4669D0218A5407C006767BC /* Thumb008.jpg */; };
		A4669D1D18A5407C006767BC /* Thumb009.jpg in Resources */ = {isa = PBXBuildFile; fileRef = A4669D0318A5407C006767BC /* Thumb009.jpg */; };
		A4669D1E18A5407C006767BC /* Thumb010.jpg in Resources */ = {isa = PBXBuildFile; fileRef = A4669D0418A5407C006767BC /* Thumb010.jpg */; };
		A4669D1F18A5407C006767BC /* Thumb011.jpg in Resources */ = {isa = PBXBuildFile; fileRef = A4669D0518A5407C006767BC /* Thumb011.jpg */; };
		A4669D2018A5407C006767BC /* Thumb012.jpg in Resources */ = {isa = PBXBuildFile; fileRef = A4669D0618A5407C006767BC /* Thumb012.jpg */; };
		A4669D2118A5407C006767BC /* Thumb013.jpg in Resources */ = {isa = PBXBuildFile; fileRef = A4669D0718A5407C006767BC /* Thumb013.jpg */; };
		A4669D2218A5407C006767BC /* Thumb014.jpg in Resources */ = {isa = PBXBuildFile; fileRef = A4669D0818A5407C006767BC /* Thumb014.jpg */; };
		A4669D2318A5407C006767BC /* Thumb015.jpg in Resources */ = {isa = PBXBuildFile; fileRef = A4669D0918A5407C006767BC /* Thumb015.jpg */; };
		A4669D2418A5407C006767BC /* Thumb016.jpg in Resources */ = {isa = PBXBuildFile; fileRef = A4669D0A18A5407C006767BC /* Thumb016.jpg */; };
		A4669D2518A5407C006767BC /* Thumb017.jpg in Resources */ = {isa = PBXBuildFile; fileRef = A4669D0B18A5407C006767BC /* Thumb017.jpg */; };
		A4669D2618A5407C006767BC /* Thumb018.jpg in Resources */ = {isa = PBXBuildFile; fileRef = A4669D0C18A5407C006767BC /* Thumb018.jpg */; };
		A4669D2718A5407C006767BC /* Thumb019.jpg in Resources */ = {isa = PBXBuildFile; fileRef = A4669D0D18A5407C006767BC /* Thumb019.jpg */; };
		A4669D2818A5407C006767BC /* Thumb020.jpg in Resources */ = {isa = PBXBuildFile; fileRef = A4669D0E18A5407C006767BC /* Thumb020.jpg */; };
		A4669D2918A5407C006767BC /* Thumb021.jpg in Resources */ = {isa = PBXBuildFile; fileRef = A4669D0F18A5407C006767BC /* Thumb021.jpg */; };
		A4669D2A18A5407C006767BC /* Thumb022.jpg in Resources */ = {isa = PBXBuildFile; fileRef = A4669D1018A5407C006767BC /* Thumb022.jpg */; };
		A4669D2B18A5407C006767BC /* Thumb023.jpg in Resources */ = {isa = PBXBuildFile; fileRef = A4669D1118A5407C006767BC /* Thumb023.jpg */; };
		A4669D2C18A5407C006767BC /* Thumb024.jpg in Resources */ = {isa = PBXBuildFile; fileRef = A4669D1218A5407C006767BC /* Thumb024.jpg */; };
		A4669D2D18A5407C006767BC /* Thumb025.jpg in Resources */ = {isa = PBXBuildFile; fileRef = A4669D1318A5407C006767BC /* Thumb025.jpg */; };
		A4669D3018A54741006767BC /* Thumb000.jpg in Resources */ = {isa = PBXBuildFile; fileRef = A4669D2F18A54741006767BC /* Thumb000.jpg */; };
		A4669D3318A55947006767BC /* RCCPeakableImageView.m in Sources */ = {isa = PBXBuildFile; fileRef = A4669D3218A55947006767BC /* RCCPeakableImageView.m */; };
		EF44F44418B7DBAF00C27C3E /* Main.storyboard in Resources */ = {isa = PBXBuildFile; fileRef = EF44F44318B7DBAF00C27C3E /* Main.storyboard */; };
		EF44F44718B7DC5B00C27C3E /* RCCTableViewController.m in Sources */ = {isa = PBXBuildFile; fileRef = EF44F44618B7DC5B00C27C3E /* RCCTableViewController.m */; };
		EF44F44C18B7DF7B00C27C3E /* RCCPeakableCollectionViewCell.m in Sources */ = {isa = PBXBuildFile; fileRef = EF44F44B18B7DF7B00C27C3E /* RCCPeakableCollectionViewCell.m */; };
		EF44F44F18B7E29400C27C3E /* RCCPeakableTableViewCell.m in Sources */ = {isa = PBXBuildFile; fileRef = EF44F44E18B7E29400C27C3E /* RCCPeakableTableViewCell.m */; };
		EFC47BAB18B7D6EF0016DB33 /* RCCCollectionViewController.m in Sources */ = {isa = PBXBuildFile; fileRef = EFC47BA918B7D6EF0016DB33 /* RCCCollectionViewController.m */; };
/* End PBXBuildFile section */

/* Begin PBXContainerItemProxy section */
		A4669CCF18A51DE7006767BC /* PBXContainerItemProxy */ = {
			isa = PBXContainerItemProxy;
			containerPortal = A4669CA718A51DE6006767BC /* Project object */;
			proxyType = 1;
			remoteGlobalIDString = A4669CAE18A51DE6006767BC;
			remoteInfo = RCCPeakableImageSample;
		};
/* End PBXContainerItemProxy section */

/* Begin PBXFileReference section */
		A4669CAF18A51DE6006767BC /* RCCPeakableImageSample.app */ = {isa = PBXFileReference; explicitFileType = wrapper.application; includeInIndex = 0; path = RCCPeakableImageSample.app; sourceTree = BUILT_PRODUCTS_DIR; };
		A4669CB218A51DE6006767BC /* Foundation.framework */ = {isa = PBXFileReference; lastKnownFileType = wrapper.framework; name = Foundation.framework; path = System/Library/Frameworks/Foundation.framework; sourceTree = SDKROOT; };
		A4669CB418A51DE6006767BC /* CoreGraphics.framework */ = {isa = PBXFileReference; lastKnownFileType = wrapper.framework; name = CoreGraphics.framework; path = System/Library/Frameworks/CoreGraphics.framework; sourceTree = SDKROOT; };
		A4669CB618A51DE6006767BC /* UIKit.framework */ = {isa = PBXFileReference; lastKnownFileType = wrapper.framework; name = UIKit.framework; path = System/Library/Frameworks/UIKit.framework; sourceTree = SDKROOT; };
		A4669CBA18A51DE6006767BC /* RCCPeakableImageSample-Info.plist */ = {isa = PBXFileReference; lastKnownFileType = text.plist.xml; path = "RCCPeakableImageSample-Info.plist"; sourceTree = "<group>"; };
		A4669CBC18A51DE6006767BC /* en */ = {isa = PBXFileReference; lastKnownFileType = text.plist.strings; name = en; path = en.lproj/InfoPlist.strings; sourceTree = "<group>"; };
		A4669CBE18A51DE6006767BC /* main.m */ = {isa = PBXFileReference; lastKnownFileType = sourcecode.c.objc; path = main.m; sourceTree = "<group>"; };
		A4669CC018A51DE6006767BC /* RCCPeakableImageSample-Prefix.pch */ = {isa = PBXFileReference; lastKnownFileType = sourcecode.c.h; path = "RCCPeakableImageSample-Prefix.pch"; sourceTree = "<group>"; };
		A4669CCA18A51DE7006767BC /* RCCPeakableImageSampleTests.xctest */ = {isa = PBXFileReference; explicitFileType = wrapper.cfbundle; includeInIndex = 0; path = RCCPeakableImageSampleTests.xctest; sourceTree = BUILT_PRODUCTS_DIR; };
		A4669CCB18A51DE7006767BC /* XCTest.framework */ = {isa = PBXFileReference; lastKnownFileType = wrapper.framework; name = XCTest.framework; path = Library/Frameworks/XCTest.framework; sourceTree = DEVELOPER_DIR; };
		A4669CD318A51DE7006767BC /* RCCPeakableImageSampleTests-Info.plist */ = {isa = PBXFileReference; lastKnownFileType = text.plist.xml; path = "RCCPeakableImageSampleTests-Info.plist"; sourceTree = "<group>"; };
		A4669CD518A51DE7006767BC /* en */ = {isa = PBXFileReference; lastKnownFileType = text.plist.strings; name = en; path = en.lproj/InfoPlist.strings; sourceTree = "<group>"; };
		A4669CD718A51DE7006767BC /* RCCPeakableImageSampleTests.m */ = {isa = PBXFileReference; lastKnownFileType = sourcecode.c.objc; path = RCCPeakableImageSampleTests.m; sourceTree = "<group>"; };
		A4669CE418A522C2006767BC /* RCCAppDelegate.h */ = {isa = PBXFileReference; fileEncoding = 4; lastKnownFileType = sourcecode.c.h; path = RCCAppDelegate.h; sourceTree = "<group>"; };
		A4669CE518A522C2006767BC /* RCCAppDelegate.m */ = {isa = PBXFileReference; fileEncoding = 4; lastKnownFileType = sourcecode.c.objc; path = RCCAppDelegate.m; sourceTree = "<group>"; };
		A4669CE718A522C2006767BC /* Images.xcassets */ = {isa = PBXFileReference; lastKnownFileType = folder.assetcatalog; path = Images.xcassets; sourceTree = "<group>"; };
		A4669CED18A5236C006767BC /* RCCGridViewController.h */ = {isa = PBXFileReference; fileEncoding = 4; lastKnownFileType = sourcecode.c.h; path = RCCGridViewController.h; sourceTree = "<group>"; };
		A4669CEE18A5236C006767BC /* RCCGridViewController.m */ = {isa = PBXFileReference; fileEncoding = 4; lastKnownFileType = sourcecode.c.objc; path = RCCGridViewController.m; sourceTree = "<group>"; };
		A4669CFB18A5407C006767BC /* Thumb001.jpg */ = {isa = PBXFileReference; lastKnownFileType = image.jpeg; path = Thumb001.jpg; sourceTree = "<group>"; };
		A4669CFC18A5407C006767BC /* Thumb002.jpg */ = {isa = PBXFileReference; lastKnownFileType = image.jpeg; path = Thumb002.jpg; sourceTree = "<group>"; };
		A4669CFD18A5407C006767BC /* Thumb003.jpg */ = {isa = PBXFileReference; lastKnownFileType = image.jpeg; path = Thumb003.jpg; sourceTree = "<group>"; };
		A4669CFE18A5407C006767BC /* Thumb004.jpg */ = {isa = PBXFileReference; lastKnownFileType = image.jpeg; path = Thumb004.jpg; sourceTree = "<group>"; };
		A4669CFF18A5407C006767BC /* Thumb005.jpg */ = {isa = PBXFileReference; lastKnownFileType = image.jpeg; path = Thumb005.jpg; sourceTree = "<group>"; };
		A4669D0018A5407C006767BC /* Thumb006.jpg */ = {isa = PBXFileReference; lastKnownFileType = image.jpeg; path = Thumb006.jpg; sourceTree = "<group>"; };
		A4669D0118A5407C006767BC /* Thumb007.jpg */ = {isa = PBXFileReference; lastKnownFileType = image.jpeg; path = Thumb007.jpg; sourceTree = "<group>"; };
		A4669D0218A5407C006767BC /* Thumb008.jpg */ = {isa = PBXFileReference; lastKnownFileType = image.jpeg; path = Thumb008.jpg; sourceTree = "<group>"; };
		A4669D0318A5407C006767BC /* Thumb009.jpg */ = {isa = PBXFileReference; lastKnownFileType = image.jpeg; path = Thumb009.jpg; sourceTree = "<group>"; };
		A4669D0418A5407C006767BC /* Thumb010.jpg */ = {isa = PBXFileReference; lastKnownFileType = image.jpeg; path = Thumb010.jpg; sourceTree = "<group>"; };
		A4669D0518A5407C006767BC /* Thumb011.jpg */ = {isa = PBXFileReference; lastKnownFileType = image.jpeg; path = Thumb011.jpg; sourceTree = "<group>"; };
		A4669D0618A5407C006767BC /* Thumb012.jpg */ = {isa = PBXFileReference; lastKnownFileType = image.jpeg; path = Thumb012.jpg; sourceTree = "<group>"; };
		A4669D0718A5407C006767BC /* Thumb013.jpg */ = {isa = PBXFileReference; lastKnownFileType = image.jpeg; path = Thumb013.jpg; sourceTree = "<group>"; };
		A4669D0818A5407C006767BC /* Thumb014.jpg */ = {isa = PBXFileReference; lastKnownFileType = image.jpeg; path = Thumb014.jpg; sourceTree = "<group>"; };
		A4669D0918A5407C006767BC /* Thumb015.jpg */ = {isa = PBXFileReference; lastKnownFileType = image.jpeg; path = Thumb015.jpg; sourceTree = "<group>"; };
		A4669D0A18A5407C006767BC /* Thumb016.jpg */ = {isa = PBXFileReference; lastKnownFileType = image.jpeg; path = Thumb016.jpg; sourceTree = "<group>"; };
		A4669D0B18A5407C006767BC /* Thumb017.jpg */ = {isa = PBXFileReference; lastKnownFileType = image.jpeg; path = Thumb017.jpg; sourceTree = "<group>"; };
		A4669D0C18A5407C006767BC /* Thumb018.jpg */ = {isa = PBXFileReference; lastKnownFileType = image.jpeg; path = Thumb018.jpg; sourceTree = "<group>"; };
		A4669D0D18A5407C006767BC /* Thumb019.jpg */ = {isa = PBXFileReference; lastKnownFileType = image.jpeg; path = Thumb019.jpg; sourceTree = "<group>"; };
		A4669D0E18A5407C006767BC /* Thumb020.jpg */ = {isa = PBXFileReference; lastKnownFileType = image.jpeg; path = Thumb020.jpg; sourceTree = "<group>"; };
		A4669D0F18A5407C006767BC /* Thumb021.jpg */ = {isa = PBXFileReference; lastKnownFileType = image.jpeg; path = Thumb021.jpg; sourceTree = "<group>"; };
		A4669D1018A5407C006767BC /* Thumb022.jpg */ = {isa = PBXFileReference; lastKnownFileType = image.jpeg; path = Thumb022.jpg; sourceTree = "<group>"; };
		A4669D1118A5407C006767BC /* Thumb023.jpg */ = {isa = PBXFileReference; lastKnownFileType = image.jpeg; path = Thumb023.jpg; sourceTree = "<group>"; };
		A4669D1218A5407C006767BC /* Thumb024.jpg */ = {isa = PBXFileReference; lastKnownFileType = image.jpeg; path = Thumb024.jpg; sourceTree = "<group>"; };
		A4669D1318A5407C006767BC /* Thumb025.jpg */ = {isa = PBXFileReference; lastKnownFileType = image.jpeg; path = Thumb025.jpg; sourceTree = "<group>"; };
		A4669D2F18A54741006767BC /* Thumb000.jpg */ = {isa = PBXFileReference; lastKnownFileType = image.jpeg; path = Thumb000.jpg; sourceTree = "<group>"; };
		A4669D3118A55947006767BC /* RCCPeakableImageView.h */ = {isa = PBXFileReference; fileEncoding = 4; lastKnownFileType = sourcecode.c.h; name = RCCPeakableImageView.h; path = ../../../RCCPeakableImageView/RCCPeakableImageView.h; sourceTree = "<group>"; };
		A4669D3218A55947006767BC /* RCCPeakableImageView.m */ = {isa = PBXFileReference; fileEncoding = 4; lastKnownFileType = sourcecode.c.objc; name = RCCPeakableImageView.m; path = ../../../RCCPeakableImageView/RCCPeakableImageView.m; sourceTree = "<group>"; };
		EF44F44318B7DBAF00C27C3E /* Main.storyboard */ = {isa = PBXFileReference; fileEncoding = 4; lastKnownFileType = file.storyboard; path = Main.storyboard; sourceTree = "<group>"; };
		EF44F44518B7DC5B00C27C3E /* RCCTableViewController.h */ = {isa = PBXFileReference; fileEncoding = 4; lastKnownFileType = sourcecode.c.h; path = RCCTableViewController.h; sourceTree = "<group>"; };
		EF44F44618B7DC5B00C27C3E /* RCCTableViewController.m */ = {isa = PBXFileReference; fileEncoding = 4; lastKnownFileType = sourcecode.c.objc; path = RCCTableViewController.m; sourceTree = "<group>"; };
		EF44F44A18B7DF7B00C27C3E /* RCCPeakableCollectionViewCell.h */ = {isa = PBXFileReference; fileEncoding = 4; lastKnownFileType = sourcecode.c.h; name = RCCPeakableCollectionViewCell.h; path = Views/RCCPeakableCollectionViewCell.h; sourceTree = "<group>"; };
		EF44F44B18B7DF7B00C27C3E /* RCCPeakableCollectionViewCell.m */ = {isa = PBXFileReference; fileEncoding = 4; lastKnownFileType = sourcecode.c.objc; name = RCCPeakableCollectionViewCell.m; path = Views/RCCPeakableCollectionViewCell.m; sourceTree = "<group>"; };
		EF44F44D18B7E29400C27C3E /* RCCPeakableTableViewCell.h */ = {isa = PBXFileReference; fileEncoding = 4; lastKnownFileType = sourcecode.c.h; name = RCCPeakableTableViewCell.h; path = Views/RCCPeakableTableViewCell.h; sourceTree = "<group>"; };
		EF44F44E18B7E29400C27C3E /* RCCPeakableTableViewCell.m */ = {isa = PBXFileReference; fileEncoding = 4; lastKnownFileType = sourcecode.c.objc; name = RCCPeakableTableViewCell.m; path = Views/RCCPeakableTableViewCell.m; sourceTree = "<group>"; };
		EFC47BA818B7D6EF0016DB33 /* RCCCollectionViewController.h */ = {isa = PBXFileReference; fileEncoding = 4; lastKnownFileType = sourcecode.c.h; path = RCCCollectionViewController.h; sourceTree = "<group>"; };
		EFC47BA918B7D6EF0016DB33 /* RCCCollectionViewController.m */ = {isa = PBXFileReference; fileEncoding = 4; lastKnownFileType = sourcecode.c.objc; path = RCCCollectionViewController.m; sourceTree = "<group>"; };
/* End PBXFileReference section */

/* Begin PBXFrameworksBuildPhase section */
		A4669CAC18A51DE6006767BC /* Frameworks */ = {
			isa = PBXFrameworksBuildPhase;
			buildActionMask = 2147483647;
			files = (
				A4669CB518A51DE6006767BC /* CoreGraphics.framework in Frameworks */,
				A4669CB718A51DE6006767BC /* UIKit.framework in Frameworks */,
				A4669CB318A51DE6006767BC /* Foundation.framework in Frameworks */,
			);
			runOnlyForDeploymentPostprocessing = 0;
		};
		A4669CC718A51DE7006767BC /* Frameworks */ = {
			isa = PBXFrameworksBuildPhase;
			buildActionMask = 2147483647;
			files = (
				A4669CCC18A51DE7006767BC /* XCTest.framework in Frameworks */,
				A4669CCE18A51DE7006767BC /* UIKit.framework in Frameworks */,
				A4669CCD18A51DE7006767BC /* Foundation.framework in Frameworks */,
			);
			runOnlyForDeploymentPostprocessing = 0;
		};
/* End PBXFrameworksBuildPhase section */

/* Begin PBXGroup section */
		A4669CA618A51DE6006767BC = {
			isa = PBXGroup;
			children = (
				A4669CB818A51DE6006767BC /* RCCPeakableImageSample */,
				A4669CD118A51DE7006767BC /* RCCPeakableImageSampleTests */,
				A4669CB118A51DE6006767BC /* Frameworks */,
				A4669CB018A51DE6006767BC /* Products */,
			);
			sourceTree = "<group>";
		};
		A4669CB018A51DE6006767BC /* Products */ = {
			isa = PBXGroup;
			children = (
				A4669CAF18A51DE6006767BC /* RCCPeakableImageSample.app */,
				A4669CCA18A51DE7006767BC /* RCCPeakableImageSampleTests.xctest */,
			);
			name = Products;
			sourceTree = "<group>";
		};
		A4669CB118A51DE6006767BC /* Frameworks */ = {
			isa = PBXGroup;
			children = (
				A4669CB218A51DE6006767BC /* Foundation.framework */,
				A4669CB418A51DE6006767BC /* CoreGraphics.framework */,
				A4669CB618A51DE6006767BC /* UIKit.framework */,
				A4669CCB18A51DE7006767BC /* XCTest.framework */,
			);
			name = Frameworks;
			sourceTree = "<group>";
		};
		A4669CB818A51DE6006767BC /* RCCPeakableImageSample */ = {
			isa = PBXGroup;
			children = (
				A4669CE118A522C2006767BC /* Classes */,
				A4669CE618A522C2006767BC /* Resources */,
				A4669CB918A51DE6006767BC /* Supporting Files */,
			);
			path = RCCPeakableImageSample;
			sourceTree = "<group>";
		};
		A4669CB918A51DE6006767BC /* Supporting Files */ = {
			isa = PBXGroup;
			children = (
				A4669CBA18A51DE6006767BC /* RCCPeakableImageSample-Info.plist */,
				A4669CBB18A51DE6006767BC /* InfoPlist.strings */,
				A4669CBE18A51DE6006767BC /* main.m */,
				A4669CC018A51DE6006767BC /* RCCPeakableImageSample-Prefix.pch */,
			);
			name = "Supporting Files";
			sourceTree = "<group>";
		};
		A4669CD118A51DE7006767BC /* RCCPeakableImageSampleTests */ = {
			isa = PBXGroup;
			children = (
				A4669CD718A51DE7006767BC /* RCCPeakableImageSampleTests.m */,
				A4669CD218A51DE7006767BC /* Supporting Files */,
			);
			path = RCCPeakableImageSampleTests;
			sourceTree = "<group>";
		};
		A4669CD218A51DE7006767BC /* Supporting Files */ = {
			isa = PBXGroup;
			children = (
				A4669CD318A51DE7006767BC /* RCCPeakableImageSampleTests-Info.plist */,
				A4669CD418A51DE7006767BC /* InfoPlist.strings */,
			);
			name = "Supporting Files";
			sourceTree = "<group>";
		};
		A4669CE118A522C2006767BC /* Classes */ = {
			isa = PBXGroup;
			children = (
				A4669CF218A52509006767BC /* Views */,
				A4669CEB18A5233C006767BC /* ViewControllers */,
				A4669CE218A522C2006767BC /* AppDelegate */,
			);
			path = Classes;
			sourceTree = "<group>";
		};
		A4669CE218A522C2006767BC /* AppDelegate */ = {
			isa = PBXGroup;
			children = (
				A4669CE418A522C2006767BC /* RCCAppDelegate.h */,
				A4669CE518A522C2006767BC /* RCCAppDelegate.m */,
				EF44F44318B7DBAF00C27C3E /* Main.storyboard */,
			);
			path = AppDelegate;
			sourceTree = "<group>";
		};
		A4669CE618A522C2006767BC /* Resources */ = {
			isa = PBXGroup;
			children = (
				A4669CF718A527C3006767BC /* Images */,
				A4669CE718A522C2006767BC /* Images.xcassets */,
			);
			path = Resources;
			sourceTree = "<group>";
		};
		A4669CEB18A5233C006767BC /* ViewControllers */ = {
			isa = PBXGroup;
			children = (
				EF44F44518B7DC5B00C27C3E /* RCCTableViewController.h */,
				EF44F44618B7DC5B00C27C3E /* RCCTableViewController.m */,
				EFC47BA818B7D6EF0016DB33 /* RCCCollectionViewController.h */,
				EFC47BA918B7D6EF0016DB33 /* RCCCollectionViewController.m */,
				A4669CED18A5236C006767BC /* RCCGridViewController.h */,
				A4669CEE18A5236C006767BC /* RCCGridViewController.m */,
			);
			path = ViewControllers;
			sourceTree = "<group>";
		};
		A4669CF218A52509006767BC /* Views */ = {
			isa = PBXGroup;
			children = (
				EF44F44A18B7DF7B00C27C3E /* RCCPeakableCollectionViewCell.h */,
				EF44F44B18B7DF7B00C27C3E /* RCCPeakableCollectionViewCell.m */,
				A4669D3118A55947006767BC /* RCCPeakableImageView.h */,
				A4669D3218A55947006767BC /* RCCPeakableImageView.m */,
				EF44F44D18B7E29400C27C3E /* RCCPeakableTableViewCell.h */,
				EF44F44E18B7E29400C27C3E /* RCCPeakableTableViewCell.m */,
			);
			name = Views;
			sourceTree = "<group>";
		};
		A4669CF718A527C3006767BC /* Images */ = {
			isa = PBXGroup;
			children = (
				A4669D2F18A54741006767BC /* Thumb000.jpg */,
				A4669CFB18A5407C006767BC /* Thumb001.jpg */,
				A4669CFC18A5407C006767BC /* Thumb002.jpg */,
				A4669CFD18A5407C006767BC /* Thumb003.jpg */,
				A4669CFE18A5407C006767BC /* Thumb004.jpg */,
				A4669CFF18A5407C006767BC /* Thumb005.jpg */,
				A4669D0018A5407C006767BC /* Thumb006.jpg */,
				A4669D0118A5407C006767BC /* Thumb007.jpg */,
				A4669D0218A5407C006767BC /* Thumb008.jpg */,
				A4669D0318A5407C006767BC /* Thumb009.jpg */,
				A4669D0418A5407C006767BC /* Thumb010.jpg */,
				A4669D0518A5407C006767BC /* Thumb011.jpg */,
				A4669D0618A5407C006767BC /* Thumb012.jpg */,
				A4669D0718A5407C006767BC /* Thumb013.jpg */,
				A4669D0818A5407C006767BC /* Thumb014.jpg */,
				A4669D0918A5407C006767BC /* Thumb015.jpg */,
				A4669D0A18A5407C006767BC /* Thumb016.jpg */,
				A4669D0B18A5407C006767BC /* Thumb017.jpg */,
				A4669D0C18A5407C006767BC /* Thumb018.jpg */,
				A4669D0D18A5407C006767BC /* Thumb019.jpg */,
				A4669D0E18A5407C006767BC /* Thumb020.jpg */,
				A4669D0F18A5407C006767BC /* Thumb021.jpg */,
				A4669D1018A5407C006767BC /* Thumb022.jpg */,
				A4669D1118A5407C006767BC /* Thumb023.jpg */,
				A4669D1218A5407C006767BC /* Thumb024.jpg */,
				A4669D1318A5407C006767BC /* Thumb025.jpg */,
			);
			path = Images;
			sourceTree = "<group>";
		};
/* End PBXGroup section */

/* Begin PBXNativeTarget section */
		A4669CAE18A51DE6006767BC /* RCCPeakableImageSample */ = {
			isa = PBXNativeTarget;
			buildConfigurationList = A4669CDB18A51DE7006767BC /* Build configuration list for PBXNativeTarget "RCCPeakableImageSample" */;
			buildPhases = (
				A4669CAB18A51DE6006767BC /* Sources */,
				A4669CAC18A51DE6006767BC /* Frameworks */,
				A4669CAD18A51DE6006767BC /* Resources */,
			);
			buildRules = (
			);
			dependencies = (
			);
			name = RCCPeakableImageSample;
			productName = RCCPeakableImageSample;
			productReference = A4669CAF18A51DE6006767BC /* RCCPeakableImageSample.app */;
			productType = "com.apple.product-type.application";
		};
		A4669CC918A51DE7006767BC /* RCCPeakableImageSampleTests */ = {
			isa = PBXNativeTarget;
			buildConfigurationList = A4669CDE18A51DE7006767BC /* Build configuration list for PBXNativeTarget "RCCPeakableImageSampleTests" */;
			buildPhases = (
				A4669CC618A51DE7006767BC /* Sources */,
				A4669CC718A51DE7006767BC /* Frameworks */,
				A4669CC818A51DE7006767BC /* Resources */,
			);
			buildRules = (
			);
			dependencies = (
				A4669CD018A51DE7006767BC /* PBXTargetDependency */,
			);
			name = RCCPeakableImageSampleTests;
			productName = RCCPeakableImageSampleTests;
			productReference = A4669CCA18A51DE7006767BC /* RCCPeakableImageSampleTests.xctest */;
			productType = "com.apple.product-type.bundle.unit-test";
		};
/* End PBXNativeTarget section */

/* Begin PBXProject section */
		A4669CA718A51DE6006767BC /* Project object */ = {
			isa = PBXProject;
			attributes = {
				CLASSPREFIX = RCC;
				LastUpgradeCheck = 0500;
				ORGANIZATIONNAME = RCCBox;
				TargetAttributes = {
					A4669CAE18A51DE6006767BC = {
						DevelopmentTeam = TX54R8GYX2;
					};
					A4669CC918A51DE7006767BC = {
						TestTargetID = A4669CAE18A51DE6006767BC;
					};
				};
			};
			buildConfigurationList = A4669CAA18A51DE6006767BC /* Build configuration list for PBXProject "RCCPeakableImageSample" */;
			compatibilityVersion = "Xcode 3.2";
			developmentRegion = English;
			hasScannedForEncodings = 0;
			knownRegions = (
				en,
			);
			mainGroup = A4669CA618A51DE6006767BC;
			productRefGroup = A4669CB018A51DE6006767BC /* Products */;
			projectDirPath = "";
			projectRoot = "";
			targets = (
				A4669CAE18A51DE6006767BC /* RCCPeakableImageSample */,
				A4669CC918A51DE7006767BC /* RCCPeakableImageSampleTests */,
			);
		};
/* End PBXProject section */

/* Begin PBXResourcesBuildPhase section */
		A4669CAD18A51DE6006767BC /* Resources */ = {
			isa = PBXResourcesBuildPhase;
			buildActionMask = 2147483647;
			files = (
				A4669CEA18A522C2006767BC /* Images.xcassets in Resources */,
				A4669D2418A5407C006767BC /* Thumb016.jpg in Resources */,
				A4669D1F18A5407C006767BC /* Thumb011.jpg in Resources */,
				A4669D1518A5407C006767BC /* Thumb001.jpg in Resources */,
				A4669D2818A5407C006767BC /* Thumb020.jpg in Resources */,
				A4669CBD18A51DE6006767BC /* InfoPlist.strings in Resources */,
				A4669D2118A5407C006767BC /* Thumb013.jpg in Resources */,
				A4669D1E18A5407C006767BC /* Thumb010.jpg in Resources */,
				A4669D2A18A5407C006767BC /* Thumb022.jpg in Resources */,
				EF44F44418B7DBAF00C27C3E /* Main.storyboard in Resources */,
				A4669D2718A5407C006767BC /* Thumb019.jpg in Resources */,
				A4669D2218A5407C006767BC /* Thumb014.jpg in Resources */,
				A4669D1718A5407C006767BC /* Thumb003.jpg in Resources */,
				A4669D2518A5407C006767BC /* Thumb017.jpg in Resources */,
				A4669D1618A5407C006767BC /* Thumb002.jpg in Resources */,
				A4669D1A18A5407C006767BC /* Thumb006.jpg in Resources */,
				A4669D2C18A5407C006767BC /* Thumb024.jpg in Resources */,
				A4669D1B18A5407C006767BC /* Thumb007.jpg in Resources */,
				A4669D1D18A5407C006767BC /* Thumb009.jpg in Resources */,
				A4669D2618A5407C006767BC /* Thumb018.jpg in Resources */,
				A4669D1818A5407C006767BC /* Thumb004.jpg in Resources */,
				A4669D3018A54741006767BC /* Thumb000.jpg in Resources */,
				A4669D1918A5407C006767BC /* Thumb005.jpg in Resources */,
				A4669D2018A5407C006767BC /* Thumb012.jpg in Resources */,
				A4669D2918A5407C006767BC /* Thumb021.jpg in Resources */,
				A4669D1C18A5407C006767BC /* Thumb008.jpg in Resources */,
				A4669D2D18A5407C006767BC /* Thumb025.jpg in Resources */,
				A4669D2318A5407C006767BC /* Thumb015.jpg in Resources */,
				A4669D2B18A5407C006767BC /* Thumb023.jpg in Resources */,
			);
			runOnlyForDeploymentPostprocessing = 0;
		};
		A4669CC818A51DE7006767BC /* Resources */ = {
			isa = PBXResourcesBuildPhase;
			buildActionMask = 2147483647;
			files = (
				A4669CD618A51DE7006767BC /* InfoPlist.strings in Resources */,
			);
			runOnlyForDeploymentPostprocessing = 0;
		};
/* End PBXResourcesBuildPhase section */

/* Begin PBXSourcesBuildPhase section */
		A4669CAB18A51DE6006767BC /* Sources */ = {
			isa = PBXSourcesBuildPhase;
			buildActionMask = 2147483647;
			files = (
				A4669D3318A55947006767BC /* RCCPeakableImageView.m in Sources */,
				EF44F44C18B7DF7B00C27C3E /* RCCPeakableCollectionViewCell.m in Sources */,
				A4669CBF18A51DE6006767BC /* main.m in Sources */,
				EF44F44718B7DC5B00C27C3E /* RCCTableViewController.m in Sources */,
				EFC47BAB18B7D6EF0016DB33 /* RCCCollectionViewController.m in Sources */,
				EF44F44F18B7E29400C27C3E /* RCCPeakableTableViewCell.m in Sources */,
				A4669CF018A5236C006767BC /* RCCGridViewController.m in Sources */,
				A4669CE918A522C2006767BC /* RCCAppDelegate.m in Sources */,
			);
			runOnlyForDeploymentPostprocessing = 0;
		};
		A4669CC618A51DE7006767BC /* Sources */ = {
			isa = PBXSourcesBuildPhase;
			buildActionMask = 2147483647;
			files = (
				A4669CD818A51DE7006767BC /* RCCPeakableImageSampleTests.m in Sources */,
			);
			runOnlyForDeploymentPostprocessing = 0;
		};
/* End PBXSourcesBuildPhase section */

/* Begin PBXTargetDependency section */
		A4669CD018A51DE7006767BC /* PBXTargetDependency */ = {
			isa = PBXTargetDependency;
			target = A4669CAE18A51DE6006767BC /* RCCPeakableImageSample */;
			targetProxy = A4669CCF18A51DE7006767BC /* PBXContainerItemProxy */;
		};
/* End PBXTargetDependency section */

/* Begin PBXVariantGroup section */
		A4669CBB18A51DE6006767BC /* InfoPlist.strings */ = {
			isa = PBXVariantGroup;
			children = (
				A4669CBC18A51DE6006767BC /* en */,
			);
			name = InfoPlist.strings;
			sourceTree = "<group>";
		};
		A4669CD418A51DE7006767BC /* InfoPlist.strings */ = {
			isa = PBXVariantGroup;
			children = (
				A4669CD518A51DE7006767BC /* en */,
			);
			name = InfoPlist.strings;
			sourceTree = "<group>";
		};
/* End PBXVariantGroup section */

/* Begin XCBuildConfiguration section */
		A4669CD918A51DE7006767BC /* Debug */ = {
			isa = XCBuildConfiguration;
			buildSettings = {
				ALWAYS_SEARCH_USER_PATHS = NO;
				ARCHS = "$(ARCHS_STANDARD_INCLUDING_64_BIT)";
				CLANG_CXX_LANGUAGE_STANDARD = "gnu++0x";
				CLANG_CXX_LIBRARY = "libc++";
				CLANG_ENABLE_MODULES = YES;
				CLANG_ENABLE_OBJC_ARC = YES;
				CLANG_WARN_BOOL_CONVERSION = YES;
				CLANG_WARN_CONSTANT_CONVERSION = YES;
				CLANG_WARN_DIRECT_OBJC_ISA_USAGE = YES_ERROR;
				CLANG_WARN_EMPTY_BODY = YES;
				CLANG_WARN_ENUM_CONVERSION = YES;
				CLANG_WARN_INT_CONVERSION = YES;
				CLANG_WARN_OBJC_ROOT_CLASS = YES_ERROR;
				CLANG_WARN__DUPLICATE_METHOD_MATCH = YES;
				CODE_SIGN_IDENTITY = "iPhone Developer";
				"CODE_SIGN_IDENTITY[sdk=iphoneos*]" = "iPhone Developer";
				COPY_PHASE_STRIP = NO;
				GCC_C_LANGUAGE_STANDARD = gnu99;
				GCC_DYNAMIC_NO_PIC = NO;
				GCC_OPTIMIZATION_LEVEL = 0;
				GCC_PREPROCESSOR_DEFINITIONS = (
					"DEBUG=1",
					"$(inherited)",
				);
				GCC_SYMBOLS_PRIVATE_EXTERN = NO;
				GCC_WARN_64_TO_32_BIT_CONVERSION = YES;
				GCC_WARN_ABOUT_RETURN_TYPE = YES_ERROR;
				GCC_WARN_UNDECLARED_SELECTOR = YES;
				GCC_WARN_UNINITIALIZED_AUTOS = YES;
				GCC_WARN_UNUSED_FUNCTION = YES;
				GCC_WARN_UNUSED_VARIABLE = YES;
				IPHONEOS_DEPLOYMENT_TARGET = 7.0;
				ONLY_ACTIVE_ARCH = YES;
				SDKROOT = iphoneos;
			};
			name = Debug;
		};
		A4669CDA18A51DE7006767BC /* Release */ = {
			isa = XCBuildConfiguration;
			buildSettings = {
				ALWAYS_SEARCH_USER_PATHS = NO;
				ARCHS = "$(ARCHS_STANDARD_INCLUDING_64_BIT)";
				CLANG_CXX_LANGUAGE_STANDARD = "gnu++0x";
				CLANG_CXX_LIBRARY = "libc++";
				CLANG_ENABLE_MODULES = YES;
				CLANG_ENABLE_OBJC_ARC = YES;
				CLANG_WARN_BOOL_CONVERSION = YES;
				CLANG_WARN_CONSTANT_CONVERSION = YES;
				CLANG_WARN_DIRECT_OBJC_ISA_USAGE = YES_ERROR;
				CLANG_WARN_EMPTY_BODY = YES;
				CLANG_WARN_ENUM_CONVERSION = YES;
				CLANG_WARN_INT_CONVERSION = YES;
				CLANG_WARN_OBJC_ROOT_CLASS = YES_ERROR;
				CLANG_WARN__DUPLICATE_METHOD_MATCH = YES;
				CODE_SIGN_IDENTITY = "iPhone Distribution";
				"CODE_SIGN_IDENTITY[sdk=iphoneos*]" = "iPhone Distribution";
				COPY_PHASE_STRIP = YES;
				ENABLE_NS_ASSERTIONS = NO;
				GCC_C_LANGUAGE_STANDARD = gnu99;
				GCC_WARN_64_TO_32_BIT_CONVERSION = YES;
				GCC_WARN_ABOUT_RETURN_TYPE = YES_ERROR;
				GCC_WARN_UNDECLARED_SELECTOR = YES;
				GCC_WARN_UNINITIALIZED_AUTOS = YES;
				GCC_WARN_UNUSED_FUNCTION = YES;
				GCC_WARN_UNUSED_VARIABLE = YES;
				IPHONEOS_DEPLOYMENT_TARGET = 7.0;
				SDKROOT = iphoneos;
				VALIDATE_PRODUCT = YES;
			};
			name = Release;
		};
		A4669CDC18A51DE7006767BC /* Debug */ = {
			isa = XCBuildConfiguration;
			buildSettings = {
				ASSETCATALOG_COMPILER_APPICON_NAME = AppIcon;
				ASSETCATALOG_COMPILER_LAUNCHIMAGE_NAME = LaunchImage;
				CODE_SIGN_IDENTITY = "iPhone Developer";
				GCC_PRECOMPILE_PREFIX_HEADER = YES;
				GCC_PREFIX_HEADER = "RCCPeakableImageSample/RCCPeakableImageSample-Prefix.pch";
				INFOPLIST_FILE = "RCCPeakableImageSample/RCCPeakableImageSample-Info.plist";
				PRODUCT_NAME = "$(TARGET_NAME)";
				WRAPPER_EXTENSION = app;
			};
			name = Debug;
		};
		A4669CDD18A51DE7006767BC /* Release */ = {
			isa = XCBuildConfiguration;
			buildSettings = {
				ASSETCATALOG_COMPILER_APPICON_NAME = AppIcon;
				ASSETCATALOG_COMPILER_LAUNCHIMAGE_NAME = LaunchImage;
				CODE_SIGN_IDENTITY = "iPhone Distribution";
				GCC_PRECOMPILE_PREFIX_HEADER = YES;
				GCC_PREFIX_HEADER = "RCCPeakableImageSample/RCCPeakableImageSample-Prefix.pch";
				INFOPLIST_FILE = "RCCPeakableImageSample/RCCPeakableImageSample-Info.plist";
				PRODUCT_NAME = "$(TARGET_NAME)";
				WRAPPER_EXTENSION = app;
			};
			name = Release;
		};
		A4669CDF18A51DE7006767BC /* Debug */ = {
			isa = XCBuildConfiguration;
			buildSettings = {
				ARCHS = "$(ARCHS_STANDARD_INCLUDING_64_BIT)";
				BUNDLE_LOADER = "$(BUILT_PRODUCTS_DIR)/RCCPeakableImageSample.app/RCCPeakableImageSample";
				FRAMEWORK_SEARCH_PATHS = (
					"$(SDKROOT)/Developer/Library/Frameworks",
					"$(inherited)",
					"$(DEVELOPER_FRAMEWORKS_DIR)",
				);
				GCC_PRECOMPILE_PREFIX_HEADER = YES;
				GCC_PREFIX_HEADER = "RCCPeakableImageSample/RCCPeakableImageSample-Prefix.pch";
				GCC_PREPROCESSOR_DEFINITIONS = (
					"DEBUG=1",
					"$(inherited)",
				);
				INFOPLIST_FILE = "RCCPeakableImageSampleTests/RCCPeakableImageSampleTests-Info.plist";
				PRODUCT_NAME = "$(TARGET_NAME)";
				TEST_HOST = "$(BUNDLE_LOADER)";
				WRAPPER_EXTENSION = xctest;
			};
			name = Debug;
		};
		A4669CE018A51DE7006767BC /* Release */ = {
			isa = XCBuildConfiguration;
			buildSettings = {
				ARCHS = "$(ARCHS_STANDARD_INCLUDING_64_BIT)";
				BUNDLE_LOADER = "$(BUILT_PRODUCTS_DIR)/RCCPeakableImageSample.app/RCCPeakableImageSample";
				FRAMEWORK_SEARCH_PATHS = (
					"$(SDKROOT)/Developer/Library/Frameworks",
					"$(inherited)",
					"$(DEVELOPER_FRAMEWORKS_DIR)",
				);
				GCC_PRECOMPILE_PREFIX_HEADER = YES;
				GCC_PREFIX_HEADER = "RCCPeakableImageSample/RCCPeakableImageSample-Prefix.pch";
				INFOPLIST_FILE = "RCCPeakableImageSampleTests/RCCPeakableImageSampleTests-Info.plist";
				PRODUCT_NAME = "$(TARGET_NAME)";
				TEST_HOST = "$(BUNDLE_LOADER)";
				WRAPPER_EXTENSION = xctest;
			};
			name = Release;
		};
/* End XCBuildConfiguration section */

/* Begin XCConfigurationList section */
		A4669CAA18A51DE6006767BC /* Build configuration list for PBXProject "RCCPeakableImageSample" */ = {
			isa = XCConfigurationList;
			buildConfigurations = (
				A4669CD918A51DE7006767BC /* Debug */,
				A4669CDA18A51DE7006767BC /* Release */,
			);
			defaultConfigurationIsVisible = 0;
			defaultConfigurationName = Release;
		};
		A4669CDB18A51DE7006767BC /* Build configuration list for PBXNativeTarget "RCCPeakableImageSample" */ = {
			isa = XCConfigurationList;
			buildConfigurations = (
				A4669CDC18A51DE7006767BC /* Debug */,
				A4669CDD18A51DE7006767BC /* Release */,
			);
			defaultConfigurationIsVisible = 0;
			defaultConfigurationName = Release;
		};
		A4669CDE18A51DE7006767BC /* Build configuration list for PBXNativeTarget "RCCPeakableImageSampleTests" */ = {
			isa = XCConfigurationList;
			buildConfigurations = (
				A4669CDF18A51DE7006767BC /* Debug */,
				A4669CE018A51DE7006767BC /* Release */,
			);
			defaultConfigurationIsVisible = 0;
			defaultConfigurationName = Release;
		};
/* End XCConfigurationList section */
	};
	rootObject = A4669CA718A51DE6006767BC /* Project object */;
}
